
Microsoft Visual Studio Solution File, Format Version 12.00
# Visual Studio 15
VisualStudioVersion = 15.0.28307.438
MinimumVisualStudioVersion = 10.0.40219.1
Project("{FAE04EC0-301F-11D3-BF4B-00C04F79EFBC}") = "csharp0321", "csharp0321\csharp0321.csproj", "{B2C9FA3F-4628-4A73-9F22-40EFBC38F717}"
EndProject
Global
	GlobalSection(SolutionConfigurationPlatforms) = preSolution
		Debug|Any CPU = Debug|Any CPU
		Release|Any CPU = Release|Any CPU
	EndGlobalSection
	GlobalSection(ProjectConfigurationPlatforms) = postSolution
		{B2C9FA3F-4628-4A73-9F22-40EFBC38F717}.Debug|Any CPU.ActiveCfg = Debug|Any CPU
		{B2C9FA3F-4628-4A73-9F22-40EFBC38F717}.Debug|Any CPU.Build.0 = Debug|Any CPU
		{B2C9FA3F-4628-4A73-9F22-40EFBC38F717}.Release|Any CPU.ActiveCfg = Release|Any CPU
		{B2C9FA3F-4628-4A73-9F22-40EFBC38F717}.Release|Any CPU.Build.0 = Release|Any CPU
	EndGlobalSection
	GlobalSection(SolutionProperties) = preSolution
		HideSolutionNode = FALSE
	EndGlobalSection
	GlobalSection(ExtensibilityGlobals) = postSolution
		SolutionGuid = {C5358397-1C1D-4FFE-9878-A89DEFE014FD}
	EndGlobalSection
EndGlobal
